Microsoft Visual Studio Solution File, Format Version 12.00
# Visual Studio Version 17
VisualStudioVersion = 17.5.2.0
MinimumVisualStudioVersion = 10.0.40219.1
Project("{FAE04EC0-301F-11D3-BF4B-00C04F79EFBC}") = "MorePatternsDemo", "MorePatternsDemo.csproj", "{FD95779A-C866-A6DF-3D33-27D3AD320B26}"
EndProject
Global
	GlobalSection(SolutionConfigurationPlatforms) = preSolution
		Debug|Any CPU = Debug|Any CPU
		Release|Any CPU = Release|Any CPU
	EndGlobalSection
	GlobalSection(ProjectConfigurationPlatforms) = postSolution
		{FD95779A-C866-A6DF-3D33-27D3AD320B26}.Debug|Any CPU.ActiveCfg = Debug|Any CPU
		{FD95779A-C866-A6DF-3D33-27D3AD320B26}.Debug|Any CPU.Build.0 = Debug|Any CPU
		{FD95779A-C866-A6DF-3D33-27D3AD320B26}.Release|Any CPU.ActiveCfg = Release|Any CPU
		{FD95779A-C866-A6DF-3D33-27D3AD320B26}.Release|Any CPU.Build.0 = Release|Any CPU
	EndGlobalSection
	GlobalSection(SolutionProperties) = preSolution
		HideSolutionNode = FALSE
	EndGlobalSection
	GlobalSection(ExtensibilityGlobals) = postSolution
		SolutionGuid = {68093E83-C27A-488E-B292-862BC3E8D226}
	EndGlobalSection
EndGlobal
